
Microsoft Visual Studio Solution File, Format Version 12.00
# Visual Studio Version 16
VisualStudioVersion = 16.0.29215.179
MinimumVisualStudioVersion = 10.0.40219.1
Project("{FAE04EC0-301F-11D3-BF4B-00C04F79EFBC}") = "pt2b_ChemsBezetout", "pt2b_ChemsBezetout.csproj", "{D93C2E08-F79A-4CFF-B2E4-B5C115D052E3}"
EndProject
Project("{FAE04EC0-301F-11D3-BF4B-00C04F79EFBC}") = "ControlCalculator", "ControlCalculator\ControlCalculator.csproj", "{2C1CF58F-E4C7-4DF1-890B-BA135C5DE78F}"
EndProject
Global
	GlobalSection(SolutionConfigurationPlatforms) = preSolution
		Debug|Any CPU = Debug|Any CPU
		Release|Any CPU = Release|Any CPU
	EndGlobalSection
	GlobalSection(ProjectConfigurationPlatforms) = postSolution
		{D93C2E08-F79A-4CFF-B2E4-B5C115D052E3}.Debug|Any CPU.ActiveCfg = Debug|Any CPU
		{D93C2E08-F79A-4CFF-B2E4-B5C115D052E3}.Debug|Any CPU.Build.0 = Debug|Any CPU
		{D93C2E08-F79A-4CFF-B2E4-B5C115D052E3}.Release|Any CPU.ActiveCfg = Release|Any CPU
		{D93C2E08-F79A-4CFF-B2E4-B5C115D052E3}.Release|Any CPU.Build.0 = Release|Any CPU
		{2C1CF58F-E4C7-4DF1-890B-BA135C5DE78F}.Debug|Any CPU.ActiveCfg = Debug|Any CPU
		{2C1CF58F-E4C7-4DF1-890B-BA135C5DE78F}.Debug|Any CPU.Build.0 = Debug|Any CPU
		{2C1CF58F-E4C7-4DF1-890B-BA135C5DE78F}.Release|Any CPU.ActiveCfg = Release|Any CPU
		{2C1CF58F-E4C7-4DF1-890B-BA135C5DE78F}.Release|Any CPU.Build.0 = Release|Any CPU
	EndGlobalSection
	GlobalSection(SolutionProperties) = preSolution
		HideSolutionNode = FALSE
	EndGlobalSection
	GlobalSection(ExtensibilityGlobals) = postSolution
		SolutionGuid = {3873685E-056E-42F3-A080-F7D7D9EAD806}
	EndGlobalSection
EndGlobal
